
Microsoft Visual Studio Solution File, Format Version 12.00
# Visual Studio Version 17
VisualStudioVersion = 17.14.36930.0 d17.14
MinimumVisualStudioVersion = 10.0.40219.1
Project("{FAE04EC0-301F-11D3-BF4B-00C04F79EFBC}") = "TextMessage", "TextMessage\TextMessage.csproj", "{EF85C9DE-3829-4FD8-8D4D-07E241B4733C}"
EndProject
Global
	GlobalSection(SolutionConfigurationPlatforms) = preSolution
		Debug|Any CPU = Debug|Any CPU
		Release|Any CPU = Release|Any CPU
	EndGlobalSection
	GlobalSection(ProjectConfigurationPlatforms) = postSolution
		{EF85C9DE-3829-4FD8-8D4D-07E241B4733C}.Debug|Any CPU.ActiveCfg = Debug|Any CPU
		{EF85C9DE-3829-4FD8-8D4D-07E241B4733C}.Debug|Any CPU.Build.0 = Debug|Any CPU
		{EF85C9DE-3829-4FD8-8D4D-07E241B4733C}.Release|Any CPU.ActiveCfg = Release|Any CPU
		{EF85C9DE-3829-4FD8-8D4D-07E241B4733C}.Release|Any CPU.Build.0 = Release|Any CPU
	EndGlobalSection
	GlobalSection(SolutionProperties) = preSolution
		HideSolutionNode = FALSE
	EndGlobalSection
	GlobalSection(ExtensibilityGlobals) = postSolution
		SolutionGuid = {CD177DEE-37EB-430E-A5B6-33631CB49509}
	EndGlobalSection
EndGlobal
